{
  "version": 4,
  "terraform_version": "1.11.0",
  "serial": 15,
  "lineage": "e680b087-f94c-e13e-3b22-c20b7294e112",
  "outputs": {},
  "resources": [
    {
      "module": "module.aws_sqs",
      "mode": "managed",
      "type": "aws_sqs_queue",
      "name": "terraform_queue",
      "provider": "module.aws_sqs.provider[\"registry.terraform.io/hashicorp/aws\"]",
      "instances": [
        {
          "schema_version": 0,
          "attributes": {
            "arn": "arn:aws:sqs:us-east-1:727706432228:ceciliafila.fifo",
            "content_based_deduplication": false,
            "deduplication_scope": "queue",
            "delay_seconds": 0,
            "fifo_queue": true,
            "fifo_throughput_limit": "perQueue",
            "id": "https://sqs.us-east-1.amazonaws.com/727706432228/ceciliafila.fifo",
            "kms_data_key_reuse_period_seconds": 300,
            "kms_master_key_id": "",
            "max_message_size": 262144,
            "message_retention_seconds": 345600,
            "name": "ceciliafila.fifo",
            "name_prefix": "",
            "policy": "",
            "receive_wait_time_seconds": 0,
            "redrive_allow_policy": "",
            "redrive_policy": "",
            "sqs_managed_sse_enabled": true,
            "tags": {
              "Env": "dev"
            },
            "tags_all": {
              "Env": "dev"
            },
            "url": "https://sqs.us-east-1.amazonaws.com/727706432228/ceciliafila.fifo",
            "visibility_timeout_seconds": 30
          },
          "sensitive_attributes": [],
          "private": "bnVsbA=="
        }
      ]
    },
    {
      "module": "module.aws_sqs1",
      "mode": "managed",
      "type": "aws_sqs_queue",
      "name": "terraform_queue",
      "provider": "module.aws_sqs1.provider[\"registry.terraform.io/hashicorp/aws\"]",
      "instances": [
        {
          "schema_version": 0,
          "attributes": {
            "arn": "arn:aws:sqs:us-east-1:727706432228:ceciliafifo.fifo",
            "content_based_deduplication": false,
            "deduplication_scope": "queue",
            "delay_seconds": 0,
            "fifo_queue": true,
            "fifo_throughput_limit": "perQueue",
            "id": "https://sqs.us-east-1.amazonaws.com/727706432228/ceciliafifo.fifo",
            "kms_data_key_reuse_period_seconds": 300,
            "kms_master_key_id": "",
            "max_message_size": 262144,
            "message_retention_seconds": 345600,
            "name": "ceciliafifo.fifo",
            "name_prefix": "",
            "policy": "",
            "receive_wait_time_seconds": 0,
            "redrive_allow_policy": "",
            "redrive_policy": "",
            "sqs_managed_sse_enabled": true,
            "tags": {
              "Env": "dev"
            },
            "tags_all": {
              "Env": "dev"
            },
            "url": "https://sqs.us-east-1.amazonaws.com/727706432228/ceciliafifo.fifo",
            "visibility_timeout_seconds": 30
          },
          "sensitive_attributes": [],
          "private": "bnVsbA=="
        }
      ]
    }
  ],
  "check_results": null
}
